// !$*UTF8*$!
{
	archiveVersion = 1;
	classes = {
	};
	objectVersion = 71;
	objects = {

/* Begin PBXBuildFile section */
        AAAAAAAAAAAAAAAAAAAAAA01 = {isa = PBXBuildFile; productRef = AAAAAAAAAAAAAAAAAAAAAA02; };
		000000000000000000000016 /* SteadyCore in Frameworks */ = {isa = PBXBuildFile; productRef = 000000000000000000000015 /* SteadyCore */; };
/* End PBXBuildFile section */

/* Begin PBXContainerItemProxy section */
		000000000000000000000017 /* PBXContainerItemProxy */ = {
			isa = PBXContainerItemProxy;
			containerPortal = 000000000000000000000001 /* Project object */;
			proxyType = 1;
			remoteGlobalIDString = 000000000000000000000002;
			remoteInfo = Steady;
		};
/* End PBXContainerItemProxy section */

/* Begin PBXFileReference section */
		000000000000000000000008 /* Steady.app */ = {isa = PBXFileReference; explicitFileType = wrapper.application; includeInIndex = 0; path = Steady.app; sourceTree = BUILT_PRODUCTS_DIR; };
		000000000000000000000009 /* SteadyUITests.xctest */ = {isa = PBXFileReference; explicitFileType = wrapper.cfbundle; includeInIndex = 0; path = SteadyUITests.xctest; sourceTree = BUILT_PRODUCTS_DIR; };
/* End PBXFileReference section */

/* Begin PBXFileSystemSynchronizedRootGroup section */
		000000000000000000000006 /* Steady */ = {isa = PBXFileSystemSynchronizedRootGroup; explicitFileTypes = {}; explicitFolders = (); path = Steady; sourceTree = "<group>"; };
		000000000000000000000007 /* SteadyUITests */ = {isa = PBXFileSystemSynchronizedRootGroup; explicitFileTypes = {}; explicitFolders = (); path = SteadyUITests; sourceTree = "<group>"; };
/* End PBXFileSystemSynchronizedRootGroup section */

/* Begin PBXFrameworksBuildPhase section */
		00000000000000000000000B /* Frameworks */ = {
			isa = PBXFrameworksBuildPhase;
			buildActionMask = 2147483647;
			files = (
				000000000000000000000016 /* SteadyCore in Frameworks */,
                AAAAAAAAAAAAAAAAAAAAAA01,
			);
			runOnlyForDeploymentPostprocessing = 0;
		};
		00000000000000000000000E /* Frameworks */ = {
			isa = PBXFrameworksBuildPhase;
			buildActionMask = 2147483647;
			files = (
			);
			runOnlyForDeploymentPostprocessing = 0;
		};
/* End PBXFrameworksBuildPhase section */

/* Begin PBXGroup section */
		000000000000000000000004 = {
			isa = PBXGroup;
			children = (
				000000000000000000000006 /* Steady */,
				000000000000000000000007 /* SteadyUITests */,
				000000000000000000000005 /* Products */,
			);
			sourceTree = "<group>";
		};
		000000000000000000000005 /* Products */ = {
			isa = PBXGroup;
			children = (
				000000000000000000000008 /* Steady.app */,
				000000000000000000000009 /* SteadyUITests.xctest */,
			);
			name = Products;
			sourceTree = "<group>";
		};
/* End PBXGroup section */

/* Begin PBXNativeTarget section */
		000000000000000000000002 /* Steady */ = {
			isa = PBXNativeTarget;
			buildConfigurationList = 000000000000000000000070 /* Build configuration list for PBXNativeTarget "Steady" */;
			buildPhases = (
				00000000000000000000000A /* Sources */,
				00000000000000000000000B /* Frameworks */,
				00000000000000000000000C /* Resources */,
			);
			buildRules = (
			);
			dependencies = (
			);
			fileSystemSynchronizedGroups = (
				000000000000000000000006 /* Steady */,
			);
			name = Steady;
			packageProductDependencies = (
				000000000000000000000015 /* SteadyCore */,
                AAAAAAAAAAAAAAAAAAAAAA02,
			);
			productName = Steady;
			productReference = 000000000000000000000008 /* Steady.app */;
			productType = "com.apple.product-type.application";
		};
		000000000000000000000003 /* SteadyUITests */ = {
			isa = PBXNativeTarget;
			buildConfigurationList = 00000000000000000000007A /* Build configuration list for PBXNativeTarget "SteadyUITests" */;
			buildPhases = (
				00000000000000000000000D /* Sources */,
				00000000000000000000000E /* Frameworks */,
				00000000000000000000000F /* Resources */,
			);
			buildRules = (
			);
			dependencies = (
				000000000000000000000018 /* PBXTargetDependency */,
			);
			fileSystemSynchronizedGroups = (
				000000000000000000000007 /* SteadyUITests */,
			);
			name = SteadyUITests;
			packageProductDependencies = (
			);
			productName = SteadyUITests;
			productReference = 000000000000000000000009 /* SteadyUITests.xctest */;
			productType = "com.apple.product-type.bundle.ui-testing";
		};
/* End PBXNativeTarget section */

/* Begin PBXProject section */
		000000000000000000000001 /* Project object */ = {
			isa = PBXProject;
			attributes = {
				BuildIndependentTargetsInParallel = YES;
				LastUpgradeCheck = 2700;
				TargetAttributes = {
					000000000000000000000002 = {
						CreatedOnToolsVersion = 27.0;
					};
					000000000000000000000003 = {
						CreatedOnToolsVersion = 27.0;
						TestTargetID = 000000000000000000000002;
					};
				};
			};
			buildConfigurationList = 000000000000000000000066 /* Build configuration list for PBXProject "Steady" */;
			compatibilityVersion = "Xcode 16.0";
			developmentRegion = "zh-Hans";
			hasScannedForEncodings = 0;
			knownRegions = (
				"zh-Hans",
				en,
				Base,
			);
			mainGroup = 000000000000000000000004;
			packageReferences = (
				000000000000000000000014 /* XCLocalSwiftPackageReference "." */,
			);
			productRefGroup = 000000000000000000000005 /* Products */;
			projectDirPath = "";
			projectRoot = "";
			targets = (
				000000000000000000000002 /* Steady */,
				000000000000000000000003 /* SteadyUITests */,
			);
		};
/* End PBXProject section */

/* Begin PBXResourcesBuildPhase section */
		00000000000000000000000C /* Resources */ = {
			isa = PBXResourcesBuildPhase;
			buildActionMask = 2147483647;
			files = (
			);
			runOnlyForDeploymentPostprocessing = 0;
		};
		00000000000000000000000F /* Resources */ = {
			isa = PBXResourcesBuildPhase;
			buildActionMask = 2147483647;
			files = (
			);
			runOnlyForDeploymentPostprocessing = 0;
		};
/* End PBXResourcesBuildPhase section */

/* Begin PBXSourcesBuildPhase section */
		00000000000000000000000A /* Sources */ = {
			isa = PBXSourcesBuildPhase;
			buildActionMask = 2147483647;
			files = (
			);
			runOnlyForDeploymentPostprocessing = 0;
		};
		00000000000000000000000D /* Sources */ = {
			isa = PBXSourcesBuildPhase;
			buildActionMask = 2147483647;
			files = (
			);
			runOnlyForDeploymentPostprocessing = 0;
		};
/* End PBXSourcesBuildPhase section */

/* Begin PBXTargetDependency section */
		000000000000000000000018 /* PBXTargetDependency */ = {
			isa = PBXTargetDependency;
			target = 000000000000000000000002 /* Steady */;
			targetProxy = 000000000000000000000017 /* PBXContainerItemProxy */;
		};
/* End PBXTargetDependency section */

/* Begin XCBuildConfiguration section */
		000000000000000000000064 /* Debug */ = {
			isa = XCBuildConfiguration;
			buildSettings = {
				CLANG_ENABLE_MODULES = YES;
				DEBUG_INFORMATION_FORMAT = dwarf;
				ENABLE_TESTABILITY = YES;
				IPHONEOS_DEPLOYMENT_TARGET = 18.0;
				ONLY_ACTIVE_ARCH = YES;
				SDKROOT = iphoneos;
				SWIFT_VERSION = 6.0;
			};
			name = Debug;
		};
		000000000000000000000065 /* Release */ = {
			isa = XCBuildConfiguration;
			buildSettings = {
				CLANG_ENABLE_MODULES = YES;
				DEBUG_INFORMATION_FORMAT = "dwarf-with-dsym";
				ENABLE_TESTABILITY = YES;
				IPHONEOS_DEPLOYMENT_TARGET = 18.0;
				SDKROOT = iphoneos;
				SWIFT_VERSION = 6.0;
			};
			name = Release;
		};
		00000000000000000000006E /* Debug */ = {
			isa = XCBuildConfiguration;
			buildSettings = {
				ASSETCATALOG_COMPILER_APPICON_NAME = AppIcon;
				ASSETCATALOG_COMPILER_GLOBAL_ACCENT_COLOR_NAME = AccentColor;
				CODE_SIGN_STYLE = Automatic;
				DEBUG_INFORMATION_FORMAT = dwarf;
				DEVELOPMENT_TEAM = FZNVTA2X9J;
				GENERATE_INFOPLIST_FILE = YES;
				INFOPLIST_KEY_CFBundleDisplayName = Steady;
                CODE_SIGN_ENTITLEMENTS = Steady/Steady.entitlements;
                INFOPLIST_KEY_NSHealthShareUsageDescription = "读取体重、睡眠、步数和运动分钟，在本机整理健康日记。云同步与 AI 分别征求同意。";
				INFOPLIST_KEY_UIApplicationSceneManifest_Generation = YES;
				INFOPLIST_KEY_UILaunchScreen_Generation = YES;
				INFOPLIST_KEY_UISupportedInterfaceOrientations = UIInterfaceOrientationPortrait;
				PRODUCT_BUNDLE_IDENTIFIER = com.jiwo.steady;
				PRODUCT_NAME = "$(TARGET_NAME)";
				SWIFT_EMIT_LOC_STRINGS = YES;
				TARGETED_DEVICE_FAMILY = 1;
			};
			name = Debug;
		};
		00000000000000000000006F /* Release */ = {
			isa = XCBuildConfiguration;
			buildSettings = {
				ASSETCATALOG_COMPILER_APPICON_NAME = AppIcon;
				ASSETCATALOG_COMPILER_GLOBAL_ACCENT_COLOR_NAME = AccentColor;
				CODE_SIGN_STYLE = Automatic;
				DEBUG_INFORMATION_FORMAT = "dwarf-with-dsym";
				DEVELOPMENT_TEAM = FZNVTA2X9J;
				GENERATE_INFOPLIST_FILE = YES;
				INFOPLIST_KEY_CFBundleDisplayName = Steady;
                CODE_SIGN_ENTITLEMENTS = Steady/Steady.entitlements;
                INFOPLIST_KEY_NSHealthShareUsageDescription = "读取体重、睡眠、步数和运动分钟，在本机整理健康日记。云同步与 AI 分别征求同意。";
				INFOPLIST_KEY_UIApplicationSceneManifest_Generation = YES;
				INFOPLIST_KEY_UILaunchScreen_Generation = YES;
				INFOPLIST_KEY_UISupportedInterfaceOrientations = UIInterfaceOrientationPortrait;
				PRODUCT_BUNDLE_IDENTIFIER = com.jiwo.steady;
				PRODUCT_NAME = "$(TARGET_NAME)";
				SWIFT_EMIT_LOC_STRINGS = YES;
				TARGETED_DEVICE_FAMILY = 1;
			};
			name = Release;
		};
		000000000000000000000078 /* Debug */ = {
			isa = XCBuildConfiguration;
			buildSettings = {
				CODE_SIGN_STYLE = Automatic;
				DEBUG_INFORMATION_FORMAT = dwarf;
				GENERATE_INFOPLIST_FILE = YES;
				PRODUCT_BUNDLE_IDENTIFIER = com.jiwo.steady.uitests;
				PRODUCT_NAME = "$(TARGET_NAME)";
				TARGETED_DEVICE_FAMILY = 1;
				TEST_TARGET_NAME = Steady;
			};
			name = Debug;
		};
		000000000000000000000079 /* Release */ = {
			isa = XCBuildConfiguration;
			buildSettings = {
				CODE_SIGN_STYLE = Automatic;
				DEBUG_INFORMATION_FORMAT = "dwarf-with-dsym";
				GENERATE_INFOPLIST_FILE = YES;
				PRODUCT_BUNDLE_IDENTIFIER = com.jiwo.steady.uitests;
				PRODUCT_NAME = "$(TARGET_NAME)";
				TARGETED_DEVICE_FAMILY = 1;
				TEST_TARGET_NAME = Steady;
			};
			name = Release;
		};
/* End XCBuildConfiguration section */

/* Begin XCConfigurationList section */
		000000000000000000000066 /* Build configuration list for PBXProject "Steady" */ = {
			isa = XCConfigurationList;
			buildConfigurations = (
				000000000000000000000064 /* Debug */,
				000000000000000000000065 /* Release */,
			);
			defaultConfigurationIsVisible = 0;
			defaultConfigurationName = Release;
		};
		000000000000000000000070 /* Build configuration list for PBXNativeTarget "Steady" */ = {
			isa = XCConfigurationList;
			buildConfigurations = (
				00000000000000000000006E /* Debug */,
				00000000000000000000006F /* Release */,
			);
			defaultConfigurationIsVisible = 0;
			defaultConfigurationName = Release;
		};
		00000000000000000000007A /* Build configuration list for PBXNativeTarget "SteadyUITests" */ = {
			isa = XCConfigurationList;
			buildConfigurations = (
				000000000000000000000078 /* Debug */,
				000000000000000000000079 /* Release */,
			);
			defaultConfigurationIsVisible = 0;
			defaultConfigurationName = Release;
		};
/* End XCConfigurationList section */

/* Begin XCLocalSwiftPackageReference section */
		000000000000000000000014 /* XCLocalSwiftPackageReference "." */ = {
			isa = XCLocalSwiftPackageReference;
			relativePath = .;
		};
/* End XCLocalSwiftPackageReference section */

/* Begin XCSwiftPackageProductDependency section */
        AAAAAAAAAAAAAAAAAAAAAA02 = {isa = XCSwiftPackageProductDependency; productName = SteadyLive; };
		000000000000000000000015 /* SteadyCore */ = {
			isa = XCSwiftPackageProductDependency;
			productName = SteadyCore;
		};
/* End XCSwiftPackageProductDependency section */
	};
	rootObject = 000000000000000000000001 /* Project object */;
}
